
Microsoft Visual Studio Solution File, Format Version 12.00
# Visual Studio Version 17
VisualStudioVersion = 17.4.33122.133
MinimumVisualStudioVersion = 10.0.40219.1
Project("{FAE04EC0-301F-11D3-BF4B-00C04F79EFBC}") = "Landscaper", "Landscaper\Landscaper.csproj", "{B88C4628-1BA9-40DB-83A5-BC823DD26AA9}"
EndProject
Global
	GlobalSection(SolutionConfigurationPlatforms) = preSolution
		Debug|Any CPU = Debug|Any CPU
		Release|Any CPU = Release|Any CPU
	EndGlobalSection
	GlobalSection(ProjectConfigurationPlatforms) = postSolution
		{B88C4628-1BA9-40DB-83A5-BC823DD26AA9}.Debug|Any CPU.ActiveCfg = Debug|Any CPU
		{B88C4628-1BA9-40DB-83A5-BC823DD26AA9}.Debug|Any CPU.Build.0 = Debug|Any CPU
		{B88C4628-1BA9-40DB-83A5-BC823DD26AA9}.Release|Any CPU.ActiveCfg = Release|Any CPU
		{B88C4628-1BA9-40DB-83A5-BC823DD26AA9}.Release|Any CPU.Build.0 = Release|Any CPU
	EndGlobalSection
	GlobalSection(SolutionProperties) = preSolution
		HideSolutionNode = FALSE
	EndGlobalSection
	GlobalSection(ExtensibilityGlobals) = postSolution
		SolutionGuid = {0378D310-5E2C-4573-8E1F-D0D4CB9406A9}
	EndGlobalSection
EndGlobal
